// !$*UTF8*$!
{
	archiveVersion = 1;
	classes = {
	};
	objectVersion = 50;
	objects = {

/* Begin PBXBuildFile section */
		38E22E18230A8A970055602F /* AppDelegate.swift in Sources */ = {isa = PBXBuildFile; fileRef = 38E22E17230A8A970055602F /* AppDelegate.swift */; };
		38E22E1A230A8A970055602F /* ViewController.swift in Sources */ = {isa = PBXBuildFile; fileRef = 38E22E19230A8A970055602F /* ViewController.swift */; };
		38E22E1D230A8A970055602F /* Main.storyboard in Resources */ = {isa = PBXBuildFile; fileRef = 38E22E1B230A8A970055602F /* Main.storyboard */; };
		38E22E1F230A8A980055602F /* Assets.xcassets in Resources */ = {isa = PBXBuildFile; fileRef = 38E22E1E230A8A980055602F /* Assets.xcassets */; };
		38E22E22230A8A980055602F /* LaunchScreen.storyboard in Resources */ = {isa = PBXBuildFile; fileRef = 38E22E20230A8A980055602F /* LaunchScreen.storyboard */; };
		38E22E2C230A8B060055602F /* BidirectionalCollection.swift in Sources */ = {isa = PBXBuildFile; fileRef = 38E22E2B230A8B060055602F /* BidirectionalCollection.swift */; };
/* End PBXBuildFile section */

/* Begin PBXFileReference section */
		38E22E14230A8A970055602F /* Swift_inhance.app */ = {isa = PBXFileReference; explicitFileType = wrapper.application; includeInIndex = 0; path = Swift_inhance.app; sourceTree = BUILT_PRODUCTS_DIR; };
		38E22E17230A8A970055602F /* AppDelegate.swift */ = {isa = PBXFileReference; lastKnownFileType = sourcecode.swift; path = AppDelegate.swift; sourceTree = "<group>"; };
		38E22E19230A8A970055602F /* ViewController.swift */ = {isa = PBXFileReference; lastKnownFileType = sourcecode.swift; path = ViewController.swift; sourceTree = "<group>"; };
		38E22E1C230A8A970055602F /* Base */ = {isa = PBXFileReference; lastKnownFileType = file.storyboard; name = Base; path = Base.lproj/Main.storyboard; sourceTree = "<group>"; };
		38E22E1E230A8A980055602F /* Assets.xcassets */ = {isa = PBXFileReference; lastKnownFileType = folder.assetcatalog; path = Assets.xcassets; sourceTree = "<group>"; };
		38E22E21230A8A980055602F /* Base */ = {isa = PBXFileReference; lastKnownFileType = file.storyboard; name = Base; path = Base.lproj/LaunchScreen.storyboard; sourceTree = "<group>"; };
		38E22E23230A8A980055602F /* Info.plist */ = {isa = PBXFileReference; lastKnownFileType = text.plist.xml; path = Info.plist; sourceTree = "<group>"; };
		38E22E29230A8ADC0055602F /* Swift_Inhance.playground */ = {isa = PBXFileReference; lastKnownFileType = file.playground; path = Swift_Inhance.playground; sourceTree = "<group>"; xcLanguageSpecificationIdentifier = xcode.lang.swift; };
		38E22E2B230A8B060055602F /* BidirectionalCollection.swift */ = {isa = PBXFileReference; lastKnownFileType = sourcecode.swift; path = BidirectionalCollection.swift; sourceTree = "<group>"; };
		38E22E2D230B96E70055602F /* SortedSet.playground */ = {isa = PBXFileReference; lastKnownFileType = file.playground; path = SortedSet.playground; sourceTree = "<group>"; xcLanguageSpecificationIdentifier = xcode.lang.swift; };
/* End PBXFileReference section */

/* Begin PBXFrameworksBuildPhase section */
		38E22E11230A8A970055602F /* Frameworks */ = {
			isa = PBXFrameworksBuildPhase;
			buildActionMask = 2147483647;
			files = (
			);
			runOnlyForDeploymentPostprocessing = 0;
		};
/* End PBXFrameworksBuildPhase section */

/* Begin PBXGroup section */
		38E22E0B230A8A970055602F = {
			isa = PBXGroup;
			children = (
				38E22E16230A8A970055602F /* Swift_inhance */,
				38E22E15230A8A970055602F /* Products */,
			);
			sourceTree = "<group>";
		};
		38E22E15230A8A970055602F /* Products */ = {
			isa = PBXGroup;
			children = (
				38E22E14230A8A970055602F /* Swift_inhance.app */,
			);
			name = Products;
			sourceTree = "<group>";
		};
		38E22E16230A8A970055602F /* Swift_inhance */ = {
			isa = PBXGroup;
			children = (
				38E22E2A230A8AFC0055602F /* Ex */,
				38E22E29230A8ADC0055602F /* Swift_Inhance.playground */,
				38E22E17230A8A970055602F /* AppDelegate.swift */,
				38E22E19230A8A970055602F /* ViewController.swift */,
				38E22E1B230A8A970055602F /* Main.storyboard */,
				38E22E1E230A8A980055602F /* Assets.xcassets */,
				38E22E20230A8A980055602F /* LaunchScreen.storyboard */,
				38E22E23230A8A980055602F /* Info.plist */,
				38E22E2D230B96E70055602F /* SortedSet.playground */,
			);
			path = Swift_inhance;
			sourceTree = "<group>";
		};
		38E22E2A230A8AFC0055602F /* Ex */ = {
			isa = PBXGroup;
			children = (
				38E22E2B230A8B060055602F /* BidirectionalCollection.swift */,
			);
			path = Ex;
			sourceTree = "<group>";
		};
/* End PBXGroup section */

/* Begin PBXNativeTarget section */
		38E22E13230A8A970055602F /* Swift_inhance */ = {
			isa = PBXNativeTarget;
			buildConfigurationList = 38E22E26230A8A980055602F /* Build configuration list for PBXNativeTarget "Swift_inhance" */;
			buildPhases = (
				38E22E10230A8A970055602F /* Sources */,
				38E22E11230A8A970055602F /* Frameworks */,
				38E22E12230A8A970055602F /* Resources */,
			);
			buildRules = (
			);
			dependencies = (
			);
			name = Swift_inhance;
			productName = Swift_inhance;
			productReference = 38E22E14230A8A970055602F /* Swift_inhance.app */;
			productType = "com.apple.product-type.application";
		};
/* End PBXNativeTarget section */

/* Begin PBXProject section */
		38E22E0C230A8A970055602F /* Project object */ = {
			isa = PBXProject;
			attributes = {
				LastSwiftUpdateCheck = 1030;
				LastUpgradeCheck = 1030;
				ORGANIZATIONNAME = PL;
				TargetAttributes = {
					38E22E13230A8A970055602F = {
						CreatedOnToolsVersion = 10.3;
					};
				};
			};
			buildConfigurationList = 38E22E0F230A8A970055602F /* Build configuration list for PBXProject "Swift_inhance" */;
			compatibilityVersion = "Xcode 9.3";
			developmentRegion = en;
			hasScannedForEncodings = 0;
			knownRegions = (
				en,
				Base,
			);
			mainGroup = 38E22E0B230A8A970055602F;
			productRefGroup = 38E22E15230A8A970055602F /* Products */;
			projectDirPath = "";
			projectRoot = "";
			targets = (
				38E22E13230A8A970055602F /* Swift_inhance */,
			);
		};
/* End PBXProject section */

/* Begin PBXResourcesBuildPhase section */
		38E22E12230A8A970055602F /* Resources */ = {
			isa = PBXResourcesBuildPhase;
			buildActionMask = 2147483647;
			files = (
				38E22E22230A8A980055602F /* LaunchScreen.storyboard in Resources */,
				38E22E1F230A8A980055602F /* Assets.xcassets in Resources */,
				38E22E1D230A8A970055602F /* Main.storyboard in Resources */,
			);
			runOnlyForDeploymentPostprocessing = 0;
		};
/* End PBXResourcesBuildPhase section */

/* Begin PBXSourcesBuildPhase section */
		38E22E10230A8A970055602F /* Sources */ = {
			isa = PBXSourcesBuildPhase;
			buildActionMask = 2147483647;
			files = (
				38E22E2C230A8B060055602F /* BidirectionalCollection.swift in Sources */,
				38E22E1A230A8A970055602F /* ViewController.swift in Sources */,
				38E22E18230A8A970055602F /* AppDelegate.swift in Sources */,
			);
			runOnlyForDeploymentPostprocessing = 0;
		};
/* End PBXSourcesBuildPhase section */

/* Begin PBXVariantGroup section */
		38E22E1B230A8A970055602F /* Main.storyboard */ = {
			isa = PBXVariantGroup;
			children = (
				38E22E1C230A8A970055602F /* Base */,
			);
			name = Main.storyboard;
			sourceTree = "<group>";
		};
		38E22E20230A8A980055602F /* LaunchScreen.storyboard */ = {
			isa = PBXVariantGroup;
			children = (
				38E22E21230A8A980055602F /* Base */,
			);
			name = LaunchScreen.storyboard;
			sourceTree = "<group>";
		};
/* End PBXVariantGroup section */

/* Begin XCBuildConfiguration section */
		38E22E24230A8A980055602F /* Debug */ = {
			isa = XCBuildConfiguration;
			buildSettings = {
				ALWAYS_SEARCH_USER_PATHS = NO;
				CLANG_ANALYZER_NONNULL = YES;
				CLANG_ANALYZER_NUMBER_OBJECT_CONVERSION = YES_AGGRESSIVE;
				CLANG_CXX_LANGUAGE_STANDARD = "gnu++14";
				CLANG_CXX_LIBRARY = "libc++";
				CLANG_ENABLE_MODULES = YES;
				CLANG_ENABLE_OBJC_ARC = YES;
				CLANG_ENABLE_OBJC_WEAK = YES;
				CLANG_WARN_BLOCK_CAPTURE_AUTORELEASING = YES;
				CLANG_WARN_BOOL_CONVERSION = YES;
				CLANG_WARN_COMMA = YES;
				CLANG_WARN_CONSTANT_CONVERSION = YES;
				CLANG_WARN_DEPRECATED_OBJC_IMPLEMENTATIONS = YES;
				CLANG_WARN_DIRECT_OBJC_ISA_USAGE = YES_ERROR;
				CLANG_WARN_DOCUMENTATION_COMMENTS = YES;
				CLANG_WARN_EMPTY_BODY = YES;
				CLANG_WARN_ENUM_CONVERSION = YES;
				CLANG_WARN_INFINITE_RECURSION = YES;
				CLANG_WARN_INT_CONVERSION = YES;
				CLANG_WARN_NON_LITERAL_NULL_CONVERSION = YES;
				CLANG_WARN_OBJC_IMPLICIT_RETAIN_SELF = YES;
				CLANG_WARN_OBJC_LITERAL_CONVERSION = YES;
				CLANG_WARN_OBJC_ROOT_CLASS = YES_ERROR;
				CLANG_WARN_RANGE_LOOP_ANALYSIS = YES;
				CLANG_WARN_STRICT_PROTOTYPES = YES;
				CLANG_WARN_SUSPICIOUS_MOVE = YES;
				CLANG_WARN_UNGUARDED_AVAILABILITY = YES_AGGRESSIVE;
				CLANG_WARN_UNREACHABLE_CODE = YES;
				CLANG_WARN__DUPLICATE_METHOD_MATCH = YES;
				CODE_SIGN_IDENTITY = "iPhone Developer";
				COPY_PHASE_STRIP = NO;
				DEBUG_INFORMATION_FORMAT = dwarf;
				ENABLE_STRICT_OBJC_MSGSEND = YES;
				ENABLE_TESTABILITY = YES;
				GCC_C_LANGUAGE_STANDARD = gnu11;
				GCC_DYNAMIC_NO_PIC = NO;
				GCC_NO_COMMON_BLOCKS = YES;
				GCC_OPTIMIZATION_LEVEL = 0;
				GCC_PREPROCESSOR_DEFINITIONS = (
					"DEBUG=1",
					"$(inherited)",
				);
				GCC_WARN_64_TO_32_BIT_CONVERSION = YES;
				GCC_WARN_ABOUT_RETURN_TYPE = YES_ERROR;
				GCC_WARN_UNDECLARED_SELECTOR = YES;
				GCC_WARN_UNINITIALIZED_AUTOS = YES_AGGRESSIVE;
				GCC_WARN_UNUSED_FUNCTION = YES;
				GCC_WARN_UNUSED_VARIABLE = YES;
				IPHONEOS_DEPLOYMENT_TARGET = 12.4;
				MTL_ENABLE_DEBUG_INFO = INCLUDE_SOURCE;
				MTL_FAST_MATH = YES;
				ONLY_ACTIVE_ARCH = YES;
				SDKROOT = iphoneos;
				SWIFT_ACTIVE_COMPILATION_CONDITIONS = DEBUG;
				SWIFT_OPTIMIZATION_LEVEL = "-Onone";
			};
			name = Debug;
		};
		38E22E25230A8A980055602F /* Release */ = {
			isa = XCBuildConfiguration;
			buildSettings = {
				ALWAYS_SEARCH_USER_PATHS = NO;
				CLANG_ANALYZER_NONNULL = YES;
				CLANG_ANALYZER_NUMBER_OBJECT_CONVERSION = YES_AGGRESSIVE;
				CLANG_CXX_LANGUAGE_STANDARD = "gnu++14";
				CLANG_CXX_LIBRARY = "libc++";
				CLANG_ENABLE_MODULES = YES;
				CLANG_ENABLE_OBJC_ARC = YES;
				CLANG_ENABLE_OBJC_WEAK = YES;
				CLANG_WARN_BLOCK_CAPTURE_AUTORELEASING = YES;
				CLANG_WARN_BOOL_CONVERSION = YES;
				CLANG_WARN_COMMA = YES;
				CLANG_WARN_CONSTANT_CONVERSION = YES;
				CLANG_WARN_DEPRECATED_OBJC_IMPLEMENTATIONS = YES;
				CLANG_WARN_DIRECT_OBJC_ISA_USAGE = YES_ERROR;
				CLANG_WARN_DOCUMENTATION_COMMENTS = YES;
				CLANG_WARN_EMPTY_BODY = YES;
				CLANG_WARN_ENUM_CONVERSION = YES;
				CLANG_WARN_INFINITE_RECURSION = YES;
				CLANG_WARN_INT_CONVERSION = YES;
				CLANG_WARN_NON_LITERAL_NULL_CONVERSION = YES;
				CLANG_WARN_OBJC_IMPLICIT_RETAIN_SELF = YES;
				CLANG_WARN_OBJC_LITERAL_CONVERSION = YES;
				CLANG_WARN_OBJC_ROOT_CLASS = YES_ERROR;
				CLANG_WARN_RANGE_LOOP_ANALYSIS = YES;
				CLANG_WARN_STRICT_PROTOTYPES = YES;
				CLANG_WARN_SUSPICIOUS_MOVE = YES;
				CLANG_WARN_UNGUARDED_AVAILABILITY = YES_AGGRESSIVE;
				CLANG_WARN_UNREACHABLE_CODE = YES;
				CLANG_WARN__DUPLICATE_METHOD_MATCH = YES;
				CODE_SIGN_IDENTITY = "iPhone Developer";
				COPY_PHASE_STRIP = NO;
				DEBUG_INFORMATION_FORMAT = "dwarf-with-dsym";
				ENABLE_NS_ASSERTIONS = NO;
				ENABLE_STRICT_OBJC_MSGSEND = YES;
				GCC_C_LANGUAGE_STANDARD = gnu11;
				GCC_NO_COMMON_BLOCKS = YES;
				GCC_WARN_64_TO_32_BIT_CONVERSION = YES;
				GCC_WARN_ABOUT_RETURN_TYPE = YES_ERROR;
				GCC_WARN_UNDECLARED_SELECTOR = YES;
				GCC_WARN_UNINITIALIZED_AUTOS = YES_AGGRESSIVE;
				GCC_WARN_UNUSED_FUNCTION = YES;
				GCC_WARN_UNUSED_VARIABLE = YES;
				IPHONEOS_DEPLOYMENT_TARGET = 12.4;
				MTL_ENABLE_DEBUG_INFO = NO;
				MTL_FAST_MATH = YES;
				SDKROOT = iphoneos;
				SWIFT_COMPILATION_MODE = wholemodule;
				SWIFT_OPTIMIZATION_LEVEL = "-O";
				VALIDATE_PRODUCT = YES;
			};
			name = Release;
		};
		38E22E27230A8A980055602F /* Debug */ = {
			isa = XCBuildConfiguration;
			buildSettings = {
				ASSETCATALOG_COMPILER_APPICON_NAME = AppIcon;
				CODE_SIGN_STYLE = Automatic;
				DEVELOPMENT_TEAM = 5UT3333NGY;
				INFOPLIST_FILE = Swift_inhance/Info.plist;
				LD_RUNPATH_SEARCH_PATHS = (
					"$(inherited)",
					"@executable_path/Frameworks",
				);
				PRODUCT_BUNDLE_IDENTIFIER = "com.pl.Swift-inhance";
				PRODUCT_NAME = "$(TARGET_NAME)";
				SWIFT_VERSION = 5.0;
				TARGETED_DEVICE_FAMILY = "1,2";
			};
			name = Debug;
		};
		38E22E28230A8A980055602F /* Release */ = {
			isa = XCBuildConfiguration;
			buildSettings = {
				ASSETCATALOG_COMPILER_APPICON_NAME = AppIcon;
				CODE_SIGN_STYLE = Automatic;
				DEVELOPMENT_TEAM = 5UT3333NGY;
				INFOPLIST_FILE = Swift_inhance/Info.plist;
				LD_RUNPATH_SEARCH_PATHS = (
					"$(inherited)",
					"@executable_path/Frameworks",
				);
				PRODUCT_BUNDLE_IDENTIFIER = "com.pl.Swift-inhance";
				PRODUCT_NAME = "$(TARGET_NAME)";
				SWIFT_VERSION = 5.0;
				TARGETED_DEVICE_FAMILY = "1,2";
			};
			name = Release;
		};
/* End XCBuildConfiguration section */

/* Begin XCConfigurationList section */
		38E22E0F230A8A970055602F /* Build configuration list for PBXProject "Swift_inhance" */ = {
			isa = XCConfigurationList;
			buildConfigurations = (
				38E22E24230A8A980055602F /* Debug */,
				38E22E25230A8A980055602F /* Release */,
			);
			defaultConfigurationIsVisible = 0;
			defaultConfigurationName = Release;
		};
		38E22E26230A8A980055602F /* Build configuration list for PBXNativeTarget "Swift_inhance" */ = {
			isa = XCConfigurationList;
			buildConfigurations = (
				38E22E27230A8A980055602F /* Debug */,
				38E22E28230A8A980055602F /* Release */,
			);
			defaultConfigurationIsVisible = 0;
			defaultConfigurationName = Release;
		};
/* End XCConfigurationList section */
	};
	rootObject = 38E22E0C230A8A970055602F /* Project object */;
}
